
Microsoft Visual Studio Solution File, Format Version 12.00
# Visual Studio 14
VisualStudioVersion = 14.0.25420.1
MinimumVisualStudioVersion = 10.0.40219.1
Project("{FAE04EC0-301F-11D3-BF4B-00C04F79EFBC}") = "TestAutomationEssentials.MSTest", "TestAutomationEssentials.MSTest\TestAutomationEssentials.MSTest.csproj", "{7DA754D8-A907-4BE5-A038-418F7C906F09}"
EndProject
Project("{FAE04EC0-301F-11D3-BF4B-00C04F79EFBC}") = "TestAutomationEssentials.Common", "TestAutomationEssentials.Common\TestAutomationEssentials.Common.csproj", "{877E7E63-6481-40F1-85BC-D18E7BE94772}"
EndProject
Project("{2150E333-8FDC-42A3-9474-1A3956D46DE8}") = "UnitTests", "UnitTests", "{8F8BE5F2-D6C2-4FAE-B997-29AEA942A3C1}"
EndProject
Project("{FAE04EC0-301F-11D3-BF4B-00C04F79EFBC}") = "TestAutomationEssentials.UnitTests", "UnitTests\TestAutomationEssentials.UnitTests\TestAutomationEssentials.UnitTests.csproj", "{B47CC7CB-F177-4F1C-800C-0E8D54B60C5E}"
EndProject
Project("{FAE04EC0-301F-11D3-BF4B-00C04F79EFBC}") = "TestAutomationEssentials.TrxParser", "TestAutomationEssentials.TrxParser\TestAutomationEssentials.TrxParser.csproj", "{150E5E75-D8EC-4D8A-A43B-22EE750F85DB}"
EndProject
Project("{2150E333-8FDC-42A3-9474-1A3956D46DE8}") = "Solution Items", "Solution Items", "{733B0818-2306-4719-B67E-C93B82598CAA}"
	ProjectSection(SolutionItems) = preProject
		readme.md = readme.md
	EndProjectSection
EndProject
Project("{FAE04EC0-301F-11D3-BF4B-00C04F79EFBC}") = "TestAutomationEssentials.Selenium", "TestAutomationEssentials.Selenium\TestAutomationEssentials.Selenium.csproj", "{B9588B2F-0845-4F17-A6A4-48B9C1AA8654}"
EndProject
Project("{2150E333-8FDC-42A3-9474-1A3956D46DE8}") = ".nuget", ".nuget", "{267851E0-A0E9-4CED-A186-BF2BDA47CA18}"
	ProjectSection(SolutionItems) = preProject
		.nuget\NuGet.Config = .nuget\NuGet.Config
		.nuget\NuGet.exe = .nuget\NuGet.exe
		.nuget\NuGet.targets = .nuget\NuGet.targets
	EndProjectSection
EndProject
Global
	GlobalSection(SolutionConfigurationPlatforms) = preSolution
		Debug|Any CPU = Debug|Any CPU
		Release|Any CPU = Release|Any CPU
	EndGlobalSection
	GlobalSection(ProjectConfigurationPlatforms) = postSolution
		{7DA754D8-A907-4BE5-A038-418F7C906F09}.Debug|Any CPU.ActiveCfg = Debug|Any CPU
		{7DA754D8-A907-4BE5-A038-418F7C906F09}.Debug|Any CPU.Build.0 = Debug|Any CPU
		{7DA754D8-A907-4BE5-A038-418F7C906F09}.Release|Any CPU.ActiveCfg = Release|Any CPU
		{7DA754D8-A907-4BE5-A038-418F7C906F09}.Release|Any CPU.Build.0 = Release|Any CPU
		{877E7E63-6481-40F1-85BC-D18E7BE94772}.Debug|Any CPU.ActiveCfg = Debug|Any CPU
		{877E7E63-6481-40F1-85BC-D18E7BE94772}.Debug|Any CPU.Build.0 = Debug|Any CPU
		{877E7E63-6481-40F1-85BC-D18E7BE94772}.Release|Any CPU.ActiveCfg = Release|Any CPU
		{877E7E63-6481-40F1-85BC-D18E7BE94772}.Release|Any CPU.Build.0 = Release|Any CPU
		{B47CC7CB-F177-4F1C-800C-0E8D54B60C5E}.Debug|Any CPU.ActiveCfg = Debug|Any CPU
		{B47CC7CB-F177-4F1C-800C-0E8D54B60C5E}.Debug|Any CPU.Build.0 = Debug|Any CPU
		{B47CC7CB-F177-4F1C-800C-0E8D54B60C5E}.Release|Any CPU.ActiveCfg = Release|Any CPU
		{B47CC7CB-F177-4F1C-800C-0E8D54B60C5E}.Release|Any CPU.Build.0 = Release|Any CPU
		{150E5E75-D8EC-4D8A-A43B-22EE750F85DB}.Debug|Any CPU.ActiveCfg = Debug|Any CPU
		{150E5E75-D8EC-4D8A-A43B-22EE750F85DB}.Debug|Any CPU.Build.0 = Debug|Any CPU
		{150E5E75-D8EC-4D8A-A43B-22EE750F85DB}.Release|Any CPU.ActiveCfg = Release|Any CPU
		{150E5E75-D8EC-4D8A-A43B-22EE750F85DB}.Release|Any CPU.Build.0 = Release|Any CPU
		{B9588B2F-0845-4F17-A6A4-48B9C1AA8654}.Debug|Any CPU.ActiveCfg = Debug|Any CPU
		{B9588B2F-0845-4F17-A6A4-48B9C1AA8654}.Debug|Any CPU.Build.0 = Debug|Any CPU
		{B9588B2F-0845-4F17-A6A4-48B9C1AA8654}.Release|Any CPU.ActiveCfg = Release|Any CPU
		{B9588B2F-0845-4F17-A6A4-48B9C1AA8654}.Release|Any CPU.Build.0 = Release|Any CPU
	EndGlobalSection
	GlobalSection(SolutionProperties) = preSolution
		HideSolutionNode = FALSE
	EndGlobalSection
	GlobalSection(NestedProjects) = preSolution
		{B47CC7CB-F177-4F1C-800C-0E8D54B60C5E} = {8F8BE5F2-D6C2-4FAE-B997-29AEA942A3C1}
		{150E5E75-D8EC-4D8A-A43B-22EE750F85DB} = {8F8BE5F2-D6C2-4FAE-B997-29AEA942A3C1}
	EndGlobalSection
EndGlobal
