
Microsoft Visual Studio Solution File, Format Version 12.00
# Visual Studio 15
VisualStudioVersion = 15.0.28307.489
MinimumVisualStudioVersion = 10.0.40219.1
Project("{9A19103F-16F7-4668-BE54-9A1E7A4F7556}") = "TestAutomationEssentials.Common", "TestAutomationEssentials.Common\TestAutomationEssentials.Common.csproj", "{877E7E63-6481-40F1-85BC-D18E7BE94772}"
EndProject
Project("{2150E333-8FDC-42A3-9474-1A3956D46DE8}") = "UnitTests", "UnitTests", "{717D7D87-7466-4439-81AD-E0334C3107C5}"
EndProject
Project("{FAE04EC0-301F-11D3-BF4B-00C04F79EFBC}") = "TestAutomationEssentials.Common.UnitTests", "UnitTests\TestAutomationEssentials.Common.UnitTests\TestAutomationEssentials.Common.UnitTests.csproj", "{52BA0266-0859-430F-8D60-E4E8D74DCE10}"
EndProject
Project("{FAE04EC0-301F-11D3-BF4B-00C04F79EFBC}") = "TestAutomationEssentials.MSTestV2UnitTests", "UnitTests\TestAutomationEssentials.MSTestV2UnitTests\TestAutomationEssentials.MSTestV2UnitTests.csproj", "{ACA9A938-D686-4F93-A284-FE67F7537169}"
EndProject
Project("{FAE04EC0-301F-11D3-BF4B-00C04F79EFBC}") = "TestAutomationEssentials.MSTestV2", "TestAutomationEssentials.MSTestV2\TestAutomationEssentials.MSTestV2.csproj", "{E0E88B7C-30DD-4583-8094-31322CA97930}"
EndProject
Project("{FAE04EC0-301F-11D3-BF4B-00C04F79EFBC}") = "TestAutomationEssentials.TrxParser", "TestAutomationEssentials.TrxParser\TestAutomationEssentials.TrxParser.csproj", "{150E5E75-D8EC-4D8A-A43B-22EE750F85DB}"
EndProject
Project("{FAE04EC0-301F-11D3-BF4B-00C04F79EFBC}") = "TestAutomationEssentials.Selenium", "TestAutomationEssentials.Selenium\TestAutomationEssentials.Selenium.csproj", "{B9588B2F-0845-4F17-A6A4-48B9C1AA8654}"
EndProject
Global
	GlobalSection(SolutionConfigurationPlatforms) = preSolution
		Debug|Any CPU = Debug|Any CPU
		Release|Any CPU = Release|Any CPU
	EndGlobalSection
	GlobalSection(ProjectConfigurationPlatforms) = postSolution
		{877E7E63-6481-40F1-85BC-D18E7BE94772}.Debug|Any CPU.ActiveCfg = Debug|Any CPU
		{877E7E63-6481-40F1-85BC-D18E7BE94772}.Debug|Any CPU.Build.0 = Debug|Any CPU
		{877E7E63-6481-40F1-85BC-D18E7BE94772}.Release|Any CPU.ActiveCfg = Release|Any CPU
		{877E7E63-6481-40F1-85BC-D18E7BE94772}.Release|Any CPU.Build.0 = Release|Any CPU
		{52BA0266-0859-430F-8D60-E4E8D74DCE10}.Debug|Any CPU.ActiveCfg = Debug|Any CPU
		{52BA0266-0859-430F-8D60-E4E8D74DCE10}.Debug|Any CPU.Build.0 = Debug|Any CPU
		{52BA0266-0859-430F-8D60-E4E8D74DCE10}.Release|Any CPU.ActiveCfg = Release|Any CPU
		{52BA0266-0859-430F-8D60-E4E8D74DCE10}.Release|Any CPU.Build.0 = Release|Any CPU
		{ACA9A938-D686-4F93-A284-FE67F7537169}.Debug|Any CPU.ActiveCfg = Debug|Any CPU
		{ACA9A938-D686-4F93-A284-FE67F7537169}.Debug|Any CPU.Build.0 = Debug|Any CPU
		{ACA9A938-D686-4F93-A284-FE67F7537169}.Release|Any CPU.ActiveCfg = Release|Any CPU
		{ACA9A938-D686-4F93-A284-FE67F7537169}.Release|Any CPU.Build.0 = Release|Any CPU
		{E0E88B7C-30DD-4583-8094-31322CA97930}.Debug|Any CPU.ActiveCfg = Debug|Any CPU
		{E0E88B7C-30DD-4583-8094-31322CA97930}.Debug|Any CPU.Build.0 = Debug|Any CPU
		{E0E88B7C-30DD-4583-8094-31322CA97930}.Release|Any CPU.ActiveCfg = Release|Any CPU
		{E0E88B7C-30DD-4583-8094-31322CA97930}.Release|Any CPU.Build.0 = Release|Any CPU
		{150E5E75-D8EC-4D8A-A43B-22EE750F85DB}.Debug|Any CPU.ActiveCfg = Debug|Any CPU
		{150E5E75-D8EC-4D8A-A43B-22EE750F85DB}.Debug|Any CPU.Build.0 = Debug|Any CPU
		{150E5E75-D8EC-4D8A-A43B-22EE750F85DB}.Release|Any CPU.ActiveCfg = Release|Any CPU
		{150E5E75-D8EC-4D8A-A43B-22EE750F85DB}.Release|Any CPU.Build.0 = Release|Any CPU
		{B9588B2F-0845-4F17-A6A4-48B9C1AA8654}.Debug|Any CPU.ActiveCfg = Debug|Any CPU
		{B9588B2F-0845-4F17-A6A4-48B9C1AA8654}.Debug|Any CPU.Build.0 = Debug|Any CPU
		{B9588B2F-0845-4F17-A6A4-48B9C1AA8654}.Release|Any CPU.ActiveCfg = Release|Any CPU
		{B9588B2F-0845-4F17-A6A4-48B9C1AA8654}.Release|Any CPU.Build.0 = Release|Any CPU
	EndGlobalSection
	GlobalSection(SolutionProperties) = preSolution
		HideSolutionNode = FALSE
	EndGlobalSection
	GlobalSection(NestedProjects) = preSolution
		{52BA0266-0859-430F-8D60-E4E8D74DCE10} = {717D7D87-7466-4439-81AD-E0334C3107C5}
		{ACA9A938-D686-4F93-A284-FE67F7537169} = {717D7D87-7466-4439-81AD-E0334C3107C5}
		{150E5E75-D8EC-4D8A-A43B-22EE750F85DB} = {717D7D87-7466-4439-81AD-E0334C3107C5}
	EndGlobalSection
	GlobalSection(ExtensibilityGlobals) = postSolution
		SolutionGuid = {97AB7E43-1ADF-4DE8-AB14-3C43FE99AEA3}
	EndGlobalSection
EndGlobal
